github.com/ChrisAlan313/bible v0.0.0-20230219033754-a74c3a7f6a34 h1:9CZHJXGfgG2e94vJaUeunMj/ybT5R01TJYDLOOOP57Y=
github.com/ChrisAlan313/bible v0.0.0-20230219033754-a74c3a7f6a34/go.mod h1:9VkaSyogf3Z2vs8rvGBeCEKvb20j4Ui9hesoTZd4Kwc=
github.com/ChrisAlan313/bible v0.0.0-20230221024056-de8305da20d6 h1:+h0aObDJEV+fk2oJN2QHlan281MNdWyJgrC5T39cWuI=
github.com/ChrisAlan313/bible v0.0.0-20230221024056-de8305da20d6/go.mod h1:9VkaSyogf3Z2vs8rvGBeCEKvb20j4Ui9hesoTZd4Kwc=
